PODS:
  - AFNetworking (4.0.1):
    - AFNetworking/NSURLSession (= 4.0.1)
    - AFNetworking/Reachability (= 4.0.1)
    - AFNetworking/Security (= 4.0.1)
    - AFNetworking/Serialization (= 4.0.1)
    - AFNetworking/UIKit (= 4.0.1)
  - AFNetworking/NSURLSession (4.0.1):
    - AFNetworking/Reachability
    - AFNetworking/Security
    - AFNetworking/Serialization
  - AFNetworking/Reachability (4.0.1)
  - AFNetworking/Security (4.0.1)
  - AFNetworking/Serialization (4.0.1)
  - AFNetworking/UIKit (4.0.1):
    - AFNetworking/NSURLSession
  - JSONModel (1.8.0)
  - LNAccountModule (1.0.0):
    - LNCommonKit
    - LNModuleProtocol
  - LNCommonKit (1.0.1):
    - LNCommonKit/Base (= 1.0.1)
    - LNCommonKit/Consttant (= 1.0.1)
    - LNCommonKit/CustomUIKit (= 1.0.1)
    - LNCommonKit/Foundation (= 1.0.1)
    - LNCommonKit/Log (= 1.0.1)
    - LNCommonKit/Network (= 1.0.1)
    - LNCommonKit/Router (= 1.0.1)
  - LNCommonKit/Base (1.0.1):
    - LNCommonKit/Base/BaseVC (= 1.0.1)
    - LNCommonKit/Base/CollectionVC (= 1.0.1)
    - LNCommonKit/Base/Core (= 1.0.1)
    - LNCommonKit/Base/DataModel (= 1.0.1)
    - LNCommonKit/Base/Provider (= 1.0.1)
    - LNCommonKit/Base/TableVC (= 1.0.1)
  - LNCommonKit/Base/BaseVC (1.0.1):
    - LNCommonKit/CustomUIKit
  - LNCommonKit/Base/CollectionVC (1.0.1):
    - LNCommonKit/Base/BaseVC
    - LNCommonKit/Base/Core
    - MJRefresh (~> 3.7.2)
  - LNCommonKit/Base/Core (1.0.1)
  - LNCommonKit/Base/DataModel (1.0.1):
    - JSONModel (~> 1.8.0)
  - LNCommonKit/Base/Provider (1.0.1):
    - LNCommonKit/Base/Core
    - LNCommonKit/Base/DataModel
    - LNCommonKit/Network
  - LNCommonKit/Base/TableVC (1.0.1):
    - LNCommonKit/Base/BaseVC
    - LNCommonKit/Base/Core
    - MJRefresh (~> 3.7.2)
  - LNCommonKit/Consttant (1.0.1)
  - LNCommonKit/CustomUIKit (1.0.1):
    - LNCommonKit/CustomUIKit/ImgLoopScroll (= 1.0.1)
  - LNCommonKit/CustomUIKit/ImgLoopScroll (1.0.1)
  - LNCommonKit/Foundation (1.0.1)
  - LNCommonKit/Log (1.0.1)
  - LNCommonKit/Network (1.0.1):
    - LNCommonKit/Network/AFHTTPClient (= 1.0.1)
    - LNCommonKit/Network/Core (= 1.0.1)
    - LNCommonKit/Network/LNHTTPClient (= 1.0.1)
  - LNCommonKit/Network/AFHTTPClient (1.0.1):
    - AFNetworking (~> 4.0.1)
    - LNCommonKit/Network/Core
  - LNCommonKit/Network/Core (1.0.1)
  - LNCommonKit/Network/LNHTTPClient (1.0.1):
    - LNCommonKit/Network/Core
  - LNCommonKit/Router (1.0.1)
  - LNDownloader (0.1.1)
  - LNFeedModule (0.1.7):
    - JSONModel (~> 1.8.0)
    - LNCommonKit
    - LNFeedModule/Common (= 0.1.7)
    - LNFeedModule/CustomUIKit (= 0.1.7)
    - LNFeedModule/Feature (= 0.1.7)
    - LNFeedModule/Mediator (= 0.1.7)
    - LNFeedModule/Network (= 0.1.7)
    - LNModuleProtocol
    - MBProgressHUD (~> 1.0.0)
    - SDWebImage (~> 5.9.0)
  - LNFeedModule/Common (0.1.7):
    - JSONModel (~> 1.8.0)
    - LNCommonKit
    - LNModuleProtocol
    - MBProgressHUD (~> 1.0.0)
    - SDWebImage (~> 5.9.0)
  - LNFeedModule/CustomUIKit (0.1.7):
    - JSONModel (~> 1.8.0)
    - LNCommonKit
    - LNModuleProtocol
    - MBProgressHUD (~> 1.0.0)
    - SDWebImage (~> 5.9.0)
  - LNFeedModule/Feature (0.1.7):
    - JSONModel (~> 1.8.0)
    - LNCommonKit
    - LNFeedModule/Common
    - LNFeedModule/CustomUIKit
    - LNFeedModule/Network
    - LNModuleProtocol
    - MBProgressHUD (~> 1.0.0)
    - SDWebImage (~> 5.9.0)
  - LNFeedModule/Mediator (0.1.7):
    - JSONModel (~> 1.8.0)
    - LNCommonKit
    - LNFeedModule/Feature
    - LNModuleProtocol
    - MBProgressHUD (~> 1.0.0)
    - SDWebImage (~> 5.9.0)
  - LNFeedModule/Network (0.1.7):
    - JSONModel (~> 1.8.0)
    - LNCommonKit
    - LNModuleProtocol
    - MBProgressHUD (~> 1.0.0)
    - SDWebImage (~> 5.9.0)
  - LNLiveModule (0.1.3):
    - LNCommonKit
    - LNLiveModule/Common (= 0.1.3)
    - LNLiveModule/Feature (= 0.1.3)
    - LNLiveModule/Mediator (= 0.1.3)
    - LNLiveModule/Network (= 0.1.3)
    - LNModuleProtocol
    - SDWebImage (~> 5.9.0)
  - LNLiveModule/Common (0.1.3):
    - LNCommonKit
    - LNModuleProtocol
    - SDWebImage (~> 5.9.0)
  - LNLiveModule/Feature (0.1.3):
    - LNCommonKit
    - LNLiveModule/Common
    - LNLiveModule/Network
    - LNModuleProtocol
    - SDWebImage (~> 5.9.0)
  - LNLiveModule/Mediator (0.1.3):
    - LNCommonKit
    - LNLiveModule/Feature
    - LNModuleProtocol
    - SDWebImage (~> 5.9.0)
  - LNLiveModule/Network (0.1.3):
    - LNCommonKit
    - LNModuleProtocol
    - SDWebImage (~> 5.9.0)
  - LNModuleCore (0.1.9)
  - LNModuleProtocol (1.0.0):
    - LNModuleCore
  - LNUserCenterModule (0.1.3):
    - LNCommonKit
    - LNModuleProtocol
    - LNUserCenterModule/Common (= 0.1.3)
    - LNUserCenterModule/Feature (= 0.1.3)
    - LNUserCenterModule/Mediator (= 0.1.3)
    - LNUserCenterModule/Network (= 0.1.3)
    - SDWebImage (~> 5.9.0)
  - LNUserCenterModule/Common (0.1.3):
    - LNCommonKit
    - LNModuleProtocol
    - SDWebImage (~> 5.9.0)
  - LNUserCenterModule/Feature (0.1.3):
    - LNCommonKit
    - LNModuleProtocol
    - LNUserCenterModule/Common
    - LNUserCenterModule/Network
    - SDWebImage (~> 5.9.0)
  - LNUserCenterModule/Mediator (0.1.3):
    - LNCommonKit
    - LNModuleProtocol
    - LNUserCenterModule/Feature
    - SDWebImage (~> 5.9.0)
  - LNUserCenterModule/Network (0.1.3):
    - LNCommonKit
    - LNModuleProtocol
    - SDWebImage (~> 5.9.0)
  - LNVideoModule (0.1.3):
    - LNCommonKit
    - LNModuleProtocol
    - LNVideoModule/Common (= 0.1.3)
    - LNVideoModule/Feature (= 0.1.3)
    - LNVideoModule/Mediator (= 0.1.3)
    - LNVideoModule/Network (= 0.1.3)
    - SDWebImage (~> 5.9.0)
  - LNVideoModule/Common (0.1.3):
    - LNCommonKit
    - LNModuleProtocol
    - SDWebImage (~> 5.9.0)
  - LNVideoModule/Feature (0.1.3):
    - LNCommonKit
    - LNModuleProtocol
    - LNVideoModule/Common
    - LNVideoModule/Network
    - SDWebImage (~> 5.9.0)
  - LNVideoModule/Mediator (0.1.3):
    - LNCommonKit
    - LNModuleProtocol
    - LNVideoModule/Feature
    - SDWebImage (~> 5.9.0)
  - LNVideoModule/Network (0.1.3):
    - LNCommonKit
    - LNModuleProtocol
    - SDWebImage (~> 5.9.0)
  - MBProgressHUD (1.0.0)
  - MJRefresh (3.7.5)
  - SDWebImage (5.9.5):
    - SDWebImage/Core (= 5.9.5)
  - SDWebImage/Core (5.9.5)

DEPENDENCIES:
  - LNAccountModule (from `../LNAccountModule`)
  - LNCommonKit (from `../LNCommonKit`)
  - LNDownloader (from `../LNDownloader`)
  - LNFeedModule (from `../LNFeedModule`)
  - LNLiveModule (from `../LNLiveModule`)
  - LNModuleCore (from `../LNModuleCore`)
  - LNModuleProtocol (from `../LNModuleProtocol`)
  - LNUserCenterModule (from `../LNUserCenterModule`)
  - LNVideoModule (from `../LNVideoModule`)

SPEC REPOS:
  https://github.com/CocoaPods/Specs.git:
    - AFNetworking
    - JSONModel
    - MBProgressHUD
    - MJRefresh
    - SDWebImage

EXTERNAL SOURCES:
  LNAccountModule:
    :path: "../LNAccountModule"
  LNCommonKit:
    :path: "../LNCommonKit"
  LNDownloader:
    :path: "../LNDownloader"
  LNFeedModule:
    :path: "../LNFeedModule"
  LNLiveModule:
    :path: "../LNLiveModule"
  LNModuleCore:
    :path: "../LNModuleCore"
  LNModuleProtocol:
    :path: "../LNModuleProtocol"
  LNUserCenterModule:
    :path: "../LNUserCenterModule"
  LNVideoModule:
    :path: "../LNVideoModule"

SPEC CHECKSUMS:
  AFNetworking: 7864c38297c79aaca1500c33288e429c3451fdce
  JSONModel: 02ab723958366a3fd27da57ea2af2113658762e9
  LNAccountModule: a441795839adf52e7d59ac1ffb94047d4c816921
  LNCommonKit: 65a0e069dc4c310c6857cea3d712cede22ddce18
  LNDownloader: da76184957284bcfec2fd6a390da9ddbb5a3972b
  LNFeedModule: 3367e324340d9a7a9294e52404c910b74e3eb4b2
  LNLiveModule: 6769c57c23137f54d269f817a16a4fc854f706f2
  LNModuleCore: ffa5ef6950d7820dbdcdd163c0e29f01b6997115
  LNModuleProtocol: 7b05d9d649931fa32779c84977387e62ba08b499
  LNUserCenterModule: 1cfef18b0b30cf60f86ce88252faf48a27971ead
  LNVideoModule: adbcc24000c1c53c259d23775d81bd876cc05eb7
  MBProgressHUD: 4890f671c94e8a0f3cf959aa731e9de2f036d71a
  MJRefresh: fdf5e979eb406a0341468932d1dfc8b7f9fce961
  SDWebImage: 0b2ba0d56479bf6a45ecddbfd5558bea93150d25

PODFILE CHECKSUM: 2962a58b67761a860aae0fa25846bd583861e270

COCOAPODS: 1.11.3
